
Microsoft Visual Studio Solution File, Format Version 12.00
# Visual Studio Version 16
VisualStudioVersion = 16.0.31702.278
MinimumVisualStudioVersion = 10.0.40219.1
Project("{9A19103F-16F7-4668-BE54-9A1E7A4F7556}") = "Hcs.Stores.EFCore", "Hcs.Stores.EFCore\Hcs.Stores.EFCore.csproj", "{3C93ED21-9348-4D3C-9ABE-0DED1209AC08}"
EndProject
Project("{9A19103F-16F7-4668-BE54-9A1E7A4F7556}") = "Hcs", "Hcs\Hcs.csproj", "{D63672D7-6A0B-4D63-B223-DF24AF4B3A5D}"
EndProject
Project("{9A19103F-16F7-4668-BE54-9A1E7A4F7556}") = "Hcs.Api", "Hcs.Api\Hcs.Api.csproj", "{3D8AE790-994D-4229-A79C-C772133DCEDB}"
EndProject
Project("{9A19103F-16F7-4668-BE54-9A1E7A4F7556}") = "Hcs.Sources.Oracle", "Hcs.Sources.Oracle\Hcs.Sources.Oracle.csproj", "{BD24F202-54DC-4800-8E79-871A0BDF90EB}"
EndProject
Project("{9A19103F-16F7-4668-BE54-9A1E7A4F7556}") = "Hcs.Client", "Hcs.Client\Hcs.Client.csproj", "{D476F568-8135-467C-953E-BEA95BF4D6B7}"
EndProject
Project("{FAE04EC0-301F-11D3-BF4B-00C04F79EFBC}") = "Hcs.ClientMvc", "Hcs.ClientMvc\Hcs.ClientMvc.csproj", "{F60A58DE-B3E9-4517-996A-C89C7C4D77E8}"
EndProject
Project("{9A19103F-16F7-4668-BE54-9A1E7A4F7556}") = "Hcs.Services.Soap", "Hcs.Services.Soap\Hcs.Services.Soap.csproj", "{C3B76160-E95E-4D94-9A58-AD9F0073AC71}"
EndProject
Project("{9A19103F-16F7-4668-BE54-9A1E7A4F7556}") = "Microsoft.Xades", "Microsoft.Xades\Microsoft.Xades.csproj", "{BA3831AC-34E6-4976-82CC-D71EEC30869A}"
EndProject
Project("{9A19103F-16F7-4668-BE54-9A1E7A4F7556}") = "Hcs.Cryptography", "Hcs.Cryptography\Hcs.Cryptography.csproj", "{F9B99533-02BC-4F05-9E46-149262D03064}"
EndProject
Project("{9A19103F-16F7-4668-BE54-9A1E7A4F7556}") = "Hcs.Services.Soap.Test", "Hcs.Services.Soap.Test\Hcs.Services.Soap.Test.csproj", "{B0F4194B-7493-45DA-AC14-75A15F611564}"
EndProject
Project("{9A19103F-16F7-4668-BE54-9A1E7A4F7556}") = "Hcs.Cryptography.CryptoPro", "Hcs.Cryptography.CryptoPro\Hcs.Cryptography.CryptoPro.csproj", "{29F92CBE-D370-4F57-8F81-5E29FC1FE9D2}"
EndProject
Project("{9A19103F-16F7-4668-BE54-9A1E7A4F7556}") = "Hcs.Cryptography.CryptoPro.Test", "Hcs.Cryptography.CryptoPro.Test\Hcs.Cryptography.CryptoPro.Test.csproj", "{4DE7FED6-2AA7-437F-85E1-409CEF004956}"
EndProject
Project("{9A19103F-16F7-4668-BE54-9A1E7A4F7556}") = "Hcs.Cryptography.CryptoPro.Api", "Hcs.Cryptography.CryptoPro.Api\Hcs.Cryptography.CryptoPro.Api.csproj", "{74505A3C-58D6-48A5-B8E7-3ABF6C9E6C4A}"
EndProject
Project("{FAE04EC0-301F-11D3-BF4B-00C04F79EFBC}") = "Hcs.Services.Soap.Client", "Hcs.Services.Soap.Client\Hcs.Services.Soap.Client.csproj", "{F303ED73-E2B8-4CFE-848C-CFAA7252463A}"
EndProject
Project("{FAE04EC0-301F-11D3-BF4B-00C04F79EFBC}") = "Hcs.Sources.Oracle.Test", "Hcs.Sources.Oracle.Test\Hcs.Sources.Oracle.Test.csproj", "{CC9469C1-F2CD-423F-8CAE-7A59EC238749}"
EndProject
Global
	GlobalSection(SolutionConfigurationPlatforms) = preSolution
		Debug|Any CPU = Debug|Any CPU
		Release|Any CPU = Release|Any CPU
	EndGlobalSection
	GlobalSection(ProjectConfigurationPlatforms) = postSolution
		{3C93ED21-9348-4D3C-9ABE-0DED1209AC08}.Debug|Any CPU.ActiveCfg = Debug|Any CPU
		{3C93ED21-9348-4D3C-9ABE-0DED1209AC08}.Debug|Any CPU.Build.0 = Debug|Any CPU
		{3C93ED21-9348-4D3C-9ABE-0DED1209AC08}.Release|Any CPU.ActiveCfg = Release|Any CPU
		{3C93ED21-9348-4D3C-9ABE-0DED1209AC08}.Release|Any CPU.Build.0 = Release|Any CPU
		{D63672D7-6A0B-4D63-B223-DF24AF4B3A5D}.Debug|Any CPU.ActiveCfg = Debug|Any CPU
		{D63672D7-6A0B-4D63-B223-DF24AF4B3A5D}.Debug|Any CPU.Build.0 = Debug|Any CPU
		{D63672D7-6A0B-4D63-B223-DF24AF4B3A5D}.Release|Any CPU.ActiveCfg = Release|Any CPU
		{D63672D7-6A0B-4D63-B223-DF24AF4B3A5D}.Release|Any CPU.Build.0 = Release|Any CPU
		{3D8AE790-994D-4229-A79C-C772133DCEDB}.Debug|Any CPU.ActiveCfg = Debug|Any CPU
		{3D8AE790-994D-4229-A79C-C772133DCEDB}.Debug|Any CPU.Build.0 = Debug|Any CPU
		{3D8AE790-994D-4229-A79C-C772133DCEDB}.Release|Any CPU.ActiveCfg = Release|Any CPU
		{3D8AE790-994D-4229-A79C-C772133DCEDB}.Release|Any CPU.Build.0 = Release|Any CPU
		{BD24F202-54DC-4800-8E79-871A0BDF90EB}.Debug|Any CPU.ActiveCfg = Debug|Any CPU
		{BD24F202-54DC-4800-8E79-871A0BDF90EB}.Debug|Any CPU.Build.0 = Debug|Any CPU
		{BD24F202-54DC-4800-8E79-871A0BDF90EB}.Release|Any CPU.ActiveCfg = Release|Any CPU
		{BD24F202-54DC-4800-8E79-871A0BDF90EB}.Release|Any CPU.Build.0 = Release|Any CPU
		{D476F568-8135-467C-953E-BEA95BF4D6B7}.Debug|Any CPU.ActiveCfg = Debug|Any CPU
		{D476F568-8135-467C-953E-BEA95BF4D6B7}.Debug|Any CPU.Build.0 = Debug|Any CPU
		{D476F568-8135-467C-953E-BEA95BF4D6B7}.Release|Any CPU.ActiveCfg = Release|Any CPU
		{D476F568-8135-467C-953E-BEA95BF4D6B7}.Release|Any CPU.Build.0 = Release|Any CPU
		{F60A58DE-B3E9-4517-996A-C89C7C4D77E8}.Debug|Any CPU.ActiveCfg = Debug|Any CPU
		{F60A58DE-B3E9-4517-996A-C89C7C4D77E8}.Debug|Any CPU.Build.0 = Debug|Any CPU
		{F60A58DE-B3E9-4517-996A-C89C7C4D77E8}.Release|Any CPU.ActiveCfg = Release|Any CPU
		{F60A58DE-B3E9-4517-996A-C89C7C4D77E8}.Release|Any CPU.Build.0 = Release|Any CPU
		{C3B76160-E95E-4D94-9A58-AD9F0073AC71}.Debug|Any CPU.ActiveCfg = Debug|Any CPU
		{C3B76160-E95E-4D94-9A58-AD9F0073AC71}.Debug|Any CPU.Build.0 = Debug|Any CPU
		{C3B76160-E95E-4D94-9A58-AD9F0073AC71}.Release|Any CPU.ActiveCfg = Release|Any CPU
		{C3B76160-E95E-4D94-9A58-AD9F0073AC71}.Release|Any CPU.Build.0 = Release|Any CPU
		{BA3831AC-34E6-4976-82CC-D71EEC30869A}.Debug|Any CPU.ActiveCfg = Debug|Any CPU
		{BA3831AC-34E6-4976-82CC-D71EEC30869A}.Debug|Any CPU.Build.0 = Debug|Any CPU
		{BA3831AC-34E6-4976-82CC-D71EEC30869A}.Release|Any CPU.ActiveCfg = Release|Any CPU
		{BA3831AC-34E6-4976-82CC-D71EEC30869A}.Release|Any CPU.Build.0 = Release|Any CPU
		{F9B99533-02BC-4F05-9E46-149262D03064}.Debug|Any CPU.ActiveCfg = Debug|Any CPU
		{F9B99533-02BC-4F05-9E46-149262D03064}.Debug|Any CPU.Build.0 = Debug|Any CPU
		{F9B99533-02BC-4F05-9E46-149262D03064}.Release|Any CPU.ActiveCfg = Release|Any CPU
		{F9B99533-02BC-4F05-9E46-149262D03064}.Release|Any CPU.Build.0 = Release|Any CPU
		{B0F4194B-7493-45DA-AC14-75A15F611564}.Debug|Any CPU.ActiveCfg = Debug|Any CPU
		{B0F4194B-7493-45DA-AC14-75A15F611564}.Debug|Any CPU.Build.0 = Debug|Any CPU
		{B0F4194B-7493-45DA-AC14-75A15F611564}.Release|Any CPU.ActiveCfg = Release|Any CPU
		{B0F4194B-7493-45DA-AC14-75A15F611564}.Release|Any CPU.Build.0 = Release|Any CPU
		{29F92CBE-D370-4F57-8F81-5E29FC1FE9D2}.Debug|Any CPU.ActiveCfg = Debug|Any CPU
		{29F92CBE-D370-4F57-8F81-5E29FC1FE9D2}.Debug|Any CPU.Build.0 = Debug|Any CPU
		{29F92CBE-D370-4F57-8F81-5E29FC1FE9D2}.Release|Any CPU.ActiveCfg = Release|Any CPU
		{29F92CBE-D370-4F57-8F81-5E29FC1FE9D2}.Release|Any CPU.Build.0 = Release|Any CPU
		{4DE7FED6-2AA7-437F-85E1-409CEF004956}.Debug|Any CPU.ActiveCfg = Debug|Any CPU
		{4DE7FED6-2AA7-437F-85E1-409CEF004956}.Debug|Any CPU.Build.0 = Debug|Any CPU
		{4DE7FED6-2AA7-437F-85E1-409CEF004956}.Release|Any CPU.ActiveCfg = Release|Any CPU
		{4DE7FED6-2AA7-437F-85E1-409CEF004956}.Release|Any CPU.Build.0 = Release|Any CPU
		{74505A3C-58D6-48A5-B8E7-3ABF6C9E6C4A}.Debug|Any CPU.ActiveCfg = Debug|Any CPU
		{74505A3C-58D6-48A5-B8E7-3ABF6C9E6C4A}.Debug|Any CPU.Build.0 = Debug|Any CPU
		{74505A3C-58D6-48A5-B8E7-3ABF6C9E6C4A}.Release|Any CPU.ActiveCfg = Release|Any CPU
		{74505A3C-58D6-48A5-B8E7-3ABF6C9E6C4A}.Release|Any CPU.Build.0 = Release|Any CPU
		{F303ED73-E2B8-4CFE-848C-CFAA7252463A}.Debug|Any CPU.ActiveCfg = Debug|Any CPU
		{F303ED73-E2B8-4CFE-848C-CFAA7252463A}.Debug|Any CPU.Build.0 = Debug|Any CPU
		{F303ED73-E2B8-4CFE-848C-CFAA7252463A}.Release|Any CPU.ActiveCfg = Release|Any CPU
		{F303ED73-E2B8-4CFE-848C-CFAA7252463A}.Release|Any CPU.Build.0 = Release|Any CPU
		{CC9469C1-F2CD-423F-8CAE-7A59EC238749}.Debug|Any CPU.ActiveCfg = Debug|Any CPU
		{CC9469C1-F2CD-423F-8CAE-7A59EC238749}.Debug|Any CPU.Build.0 = Debug|Any CPU
		{CC9469C1-F2CD-423F-8CAE-7A59EC238749}.Release|Any CPU.ActiveCfg = Release|Any CPU
		{CC9469C1-F2CD-423F-8CAE-7A59EC238749}.Release|Any CPU.Build.0 = Release|Any CPU
	EndGlobalSection
	GlobalSection(SolutionProperties) = preSolution
		HideSolutionNode = FALSE
	EndGlobalSection
	GlobalSection(ExtensibilityGlobals) = postSolution
		SolutionGuid = {90ACCF19-A646-4A57-8CA0-2EF623E9C4D9}
	EndGlobalSection
EndGlobal
