
Microsoft Visual Studio Solution File, Format Version 12.00
# Visual Studio Version 16
VisualStudioVersion = 16.0.30907.101
MinimumVisualStudioVersion = 10.0.40219.1
Project("{FAE04EC0-301F-11D3-BF4B-00C04F79EFBC}") = "WpfApp1", "WpfApp1\WpfApp1.csproj", "{0E038BE3-589A-438F-8D7D-DBE06C079356}"
EndProject
Global
	GlobalSection(SolutionConfigurationPlatforms) = preSolution
		Debug|Any CPU = Debug|Any CPU
		Release|Any CPU = Release|Any CPU
	EndGlobalSection
	GlobalSection(ProjectConfigurationPlatforms) = postSolution
		{0E038BE3-589A-438F-8D7D-DBE06C079356}.Debug|Any CPU.ActiveCfg = Debug|Any CPU
		{0E038BE3-589A-438F-8D7D-DBE06C079356}.Debug|Any CPU.Build.0 = Debug|Any CPU
		{0E038BE3-589A-438F-8D7D-DBE06C079356}.Release|Any CPU.ActiveCfg = Release|Any CPU
		{0E038BE3-589A-438F-8D7D-DBE06C079356}.Release|Any CPU.Build.0 = Release|Any CPU
	EndGlobalSection
	GlobalSection(SolutionProperties) = preSolution
		HideSolutionNode = FALSE
	EndGlobalSection
	GlobalSection(ExtensibilityGlobals) = postSolution
		SolutionGuid = {726D29FA-D115-4DA2-989E-F9364A4504F4}
	EndGlobalSection
EndGlobal
