
Microsoft Visual Studio Solution File, Format Version 12.00
# Visual Studio Version 16
VisualStudioVersion = 16.0.30804.86
MinimumVisualStudioVersion = 10.0.40219.1
Project("{9A19103F-16F7-4668-BE54-9A1E7A4F7556}") = "Client.Mvc", "Client.Mvc.csproj", "{52456E1E-297C-4B23-BC68-DB0FD820F099}"
EndProject
Project("{9A19103F-16F7-4668-BE54-9A1E7A4F7556}") = "Server.Core", "..\Server.Core\Server.Core.csproj", "{5B207BB3-7E03-451F-8471-AD0717FE5961}"
EndProject
Project("{9A19103F-16F7-4668-BE54-9A1E7A4F7556}") = "Tsb.Security", "..\Tsb.Security\Tsb.Security.csproj", "{1FAEBAB8-50CB-486C-8C4F-81816E8CE180}"
EndProject
Global
	GlobalSection(SolutionConfigurationPlatforms) = preSolution
		Debug|Any CPU = Debug|Any CPU
		HcsDebug|Any CPU = HcsDebug|Any CPU
		HcsRelease|Any CPU = HcsRelease|Any CPU
		HelpDebug|Any CPU = HelpDebug|Any CPU
		HelpRelease|Any CPU = HelpRelease|Any CPU
		LikDebug|Any CPU = LikDebug|Any CPU
		LikRelease|Any CPU = LikRelease|Any CPU
		Release|Any CPU = Release|Any CPU
		UapDebug|Any CPU = UapDebug|Any CPU
		UapRelease|Any CPU = UapRelease|Any CPU
	EndGlobalSection
	GlobalSection(ProjectConfigurationPlatforms) = postSolution
		{52456E1E-297C-4B23-BC68-DB0FD820F099}.Debug|Any CPU.ActiveCfg = Debug|Any CPU
		{52456E1E-297C-4B23-BC68-DB0FD820F099}.Debug|Any CPU.Build.0 = Debug|Any CPU
		{52456E1E-297C-4B23-BC68-DB0FD820F099}.HcsDebug|Any CPU.ActiveCfg = Debug|Any CPU
		{52456E1E-297C-4B23-BC68-DB0FD820F099}.HcsDebug|Any CPU.Build.0 = Debug|Any CPU
		{52456E1E-297C-4B23-BC68-DB0FD820F099}.HcsRelease|Any CPU.ActiveCfg = Release|Any CPU
		{52456E1E-297C-4B23-BC68-DB0FD820F099}.HcsRelease|Any CPU.Build.0 = Release|Any CPU
		{52456E1E-297C-4B23-BC68-DB0FD820F099}.HelpDebug|Any CPU.ActiveCfg = Debug|Any CPU
		{52456E1E-297C-4B23-BC68-DB0FD820F099}.HelpDebug|Any CPU.Build.0 = Debug|Any CPU
		{52456E1E-297C-4B23-BC68-DB0FD820F099}.HelpRelease|Any CPU.ActiveCfg = Release|Any CPU
		{52456E1E-297C-4B23-BC68-DB0FD820F099}.HelpRelease|Any CPU.Build.0 = Release|Any CPU
		{52456E1E-297C-4B23-BC68-DB0FD820F099}.LikDebug|Any CPU.ActiveCfg = Debug|Any CPU
		{52456E1E-297C-4B23-BC68-DB0FD820F099}.LikDebug|Any CPU.Build.0 = Debug|Any CPU
		{52456E1E-297C-4B23-BC68-DB0FD820F099}.LikRelease|Any CPU.ActiveCfg = Release|Any CPU
		{52456E1E-297C-4B23-BC68-DB0FD820F099}.LikRelease|Any CPU.Build.0 = Release|Any CPU
		{52456E1E-297C-4B23-BC68-DB0FD820F099}.Release|Any CPU.ActiveCfg = Release|Any CPU
		{52456E1E-297C-4B23-BC68-DB0FD820F099}.Release|Any CPU.Build.0 = Release|Any CPU
		{52456E1E-297C-4B23-BC68-DB0FD820F099}.UapDebug|Any CPU.ActiveCfg = Debug|Any CPU
		{52456E1E-297C-4B23-BC68-DB0FD820F099}.UapDebug|Any CPU.Build.0 = Debug|Any CPU
		{52456E1E-297C-4B23-BC68-DB0FD820F099}.UapRelease|Any CPU.ActiveCfg = Release|Any CPU
		{52456E1E-297C-4B23-BC68-DB0FD820F099}.UapRelease|Any CPU.Build.0 = Release|Any CPU
		{5B207BB3-7E03-451F-8471-AD0717FE5961}.Debug|Any CPU.ActiveCfg = Debug|Any CPU
		{5B207BB3-7E03-451F-8471-AD0717FE5961}.Debug|Any CPU.Build.0 = Debug|Any CPU
		{5B207BB3-7E03-451F-8471-AD0717FE5961}.HcsDebug|Any CPU.ActiveCfg = Debug|Any CPU
		{5B207BB3-7E03-451F-8471-AD0717FE5961}.HcsDebug|Any CPU.Build.0 = Debug|Any CPU
		{5B207BB3-7E03-451F-8471-AD0717FE5961}.HcsRelease|Any CPU.ActiveCfg = Release|Any CPU
		{5B207BB3-7E03-451F-8471-AD0717FE5961}.HcsRelease|Any CPU.Build.0 = Release|Any CPU
		{5B207BB3-7E03-451F-8471-AD0717FE5961}.HelpDebug|Any CPU.ActiveCfg = Debug|Any CPU
		{5B207BB3-7E03-451F-8471-AD0717FE5961}.HelpDebug|Any CPU.Build.0 = Debug|Any CPU
		{5B207BB3-7E03-451F-8471-AD0717FE5961}.HelpRelease|Any CPU.ActiveCfg = Release|Any CPU
		{5B207BB3-7E03-451F-8471-AD0717FE5961}.HelpRelease|Any CPU.Build.0 = Release|Any CPU
		{5B207BB3-7E03-451F-8471-AD0717FE5961}.LikDebug|Any CPU.ActiveCfg = Debug|Any CPU
		{5B207BB3-7E03-451F-8471-AD0717FE5961}.LikDebug|Any CPU.Build.0 = Debug|Any CPU
		{5B207BB3-7E03-451F-8471-AD0717FE5961}.LikRelease|Any CPU.ActiveCfg = Release|Any CPU
		{5B207BB3-7E03-451F-8471-AD0717FE5961}.LikRelease|Any CPU.Build.0 = Release|Any CPU
		{5B207BB3-7E03-451F-8471-AD0717FE5961}.Release|Any CPU.ActiveCfg = Release|Any CPU
		{5B207BB3-7E03-451F-8471-AD0717FE5961}.Release|Any CPU.Build.0 = Release|Any CPU
		{5B207BB3-7E03-451F-8471-AD0717FE5961}.UapDebug|Any CPU.ActiveCfg = Debug|Any CPU
		{5B207BB3-7E03-451F-8471-AD0717FE5961}.UapDebug|Any CPU.Build.0 = Debug|Any CPU
		{5B207BB3-7E03-451F-8471-AD0717FE5961}.UapRelease|Any CPU.ActiveCfg = Release|Any CPU
		{5B207BB3-7E03-451F-8471-AD0717FE5961}.UapRelease|Any CPU.Build.0 = Release|Any CPU
		{1FAEBAB8-50CB-486C-8C4F-81816E8CE180}.Debug|Any CPU.ActiveCfg = Debug|Any CPU
		{1FAEBAB8-50CB-486C-8C4F-81816E8CE180}.Debug|Any CPU.Build.0 = Debug|Any CPU
		{1FAEBAB8-50CB-486C-8C4F-81816E8CE180}.HcsDebug|Any CPU.ActiveCfg = HcsDebug|Any CPU
		{1FAEBAB8-50CB-486C-8C4F-81816E8CE180}.HcsDebug|Any CPU.Build.0 = HcsDebug|Any CPU
		{1FAEBAB8-50CB-486C-8C4F-81816E8CE180}.HcsRelease|Any CPU.ActiveCfg = HcsRelease|Any CPU
		{1FAEBAB8-50CB-486C-8C4F-81816E8CE180}.HcsRelease|Any CPU.Build.0 = HcsRelease|Any CPU
		{1FAEBAB8-50CB-486C-8C4F-81816E8CE180}.HelpDebug|Any CPU.ActiveCfg = HelpDebug|Any CPU
		{1FAEBAB8-50CB-486C-8C4F-81816E8CE180}.HelpDebug|Any CPU.Build.0 = HelpDebug|Any CPU
		{1FAEBAB8-50CB-486C-8C4F-81816E8CE180}.HelpRelease|Any CPU.ActiveCfg = HelpRelease|Any CPU
		{1FAEBAB8-50CB-486C-8C4F-81816E8CE180}.HelpRelease|Any CPU.Build.0 = HelpRelease|Any CPU
		{1FAEBAB8-50CB-486C-8C4F-81816E8CE180}.LikDebug|Any CPU.ActiveCfg = LikDebug|Any CPU
		{1FAEBAB8-50CB-486C-8C4F-81816E8CE180}.LikDebug|Any CPU.Build.0 = LikDebug|Any CPU
		{1FAEBAB8-50CB-486C-8C4F-81816E8CE180}.LikRelease|Any CPU.ActiveCfg = LikRelease|Any CPU
		{1FAEBAB8-50CB-486C-8C4F-81816E8CE180}.LikRelease|Any CPU.Build.0 = LikRelease|Any CPU
		{1FAEBAB8-50CB-486C-8C4F-81816E8CE180}.Release|Any CPU.ActiveCfg = UapRelease|Any CPU
		{1FAEBAB8-50CB-486C-8C4F-81816E8CE180}.Release|Any CPU.Build.0 = UapRelease|Any CPU
		{1FAEBAB8-50CB-486C-8C4F-81816E8CE180}.UapDebug|Any CPU.ActiveCfg = UapDebug|Any CPU
		{1FAEBAB8-50CB-486C-8C4F-81816E8CE180}.UapDebug|Any CPU.Build.0 = UapDebug|Any CPU
		{1FAEBAB8-50CB-486C-8C4F-81816E8CE180}.UapRelease|Any CPU.ActiveCfg = UapRelease|Any CPU
		{1FAEBAB8-50CB-486C-8C4F-81816E8CE180}.UapRelease|Any CPU.Build.0 = UapRelease|Any CPU
	EndGlobalSection
	GlobalSection(SolutionProperties) = preSolution
		HideSolutionNode = FALSE
	EndGlobalSection
	GlobalSection(ExtensibilityGlobals) = postSolution
		SolutionGuid = {B7932496-1617-4D4E-A7D4-681CE1E42733}
	EndGlobalSection
EndGlobal
