
Microsoft Visual Studio Solution File, Format Version 12.00
# Visual Studio Version 16
VisualStudioVersion = 16.0.30804.86
MinimumVisualStudioVersion = 10.0.40219.1
Project("{9A19103F-16F7-4668-BE54-9A1E7A4F7556}") = "PostgresCons", "PostgresCons.csproj", "{72B7FD2B-B5AE-4B6C-881C-E1E4E58CF756}"
EndProject
Global
	GlobalSection(SolutionConfigurationPlatforms) = preSolution
		Debug|Any CPU = Debug|Any CPU
		Release|Any CPU = Release|Any CPU
	EndGlobalSection
	GlobalSection(ProjectConfigurationPlatforms) = postSolution
		{72B7FD2B-B5AE-4B6C-881C-E1E4E58CF756}.Debug|Any CPU.ActiveCfg = Debug|Any CPU
		{72B7FD2B-B5AE-4B6C-881C-E1E4E58CF756}.Debug|Any CPU.Build.0 = Debug|Any CPU
		{72B7FD2B-B5AE-4B6C-881C-E1E4E58CF756}.Release|Any CPU.ActiveCfg = Release|Any CPU
		{72B7FD2B-B5AE-4B6C-881C-E1E4E58CF756}.Release|Any CPU.Build.0 = Release|Any CPU
	EndGlobalSection
	GlobalSection(SolutionProperties) = preSolution
		HideSolutionNode = FALSE
	EndGlobalSection
	GlobalSection(ExtensibilityGlobals) = postSolution
		SolutionGuid = {44C9EDBA-A63B-4FEC-889F-97B42128AA50}
	EndGlobalSection
EndGlobal
