
Microsoft Visual Studio Solution File, Format Version 12.00
# Visual Studio Version 17
VisualStudioVersion = 17.0.31912.275
MinimumVisualStudioVersion = 10.0.40219.1
Project("{FAE04EC0-301F-11D3-BF4B-00C04F79EFBC}") = "VideoCapture", "VideoCapture.csproj", "{FCBCA5CD-7004-4BCB-BE6B-3B7A4AA94E29}"
EndProject
Global
	GlobalSection(SolutionConfigurationPlatforms) = preSolution
		Debug|Any CPU = Debug|Any CPU
		Release|Any CPU = Release|Any CPU
	EndGlobalSection
	GlobalSection(ProjectConfigurationPlatforms) = postSolution
		{FCBCA5CD-7004-4BCB-BE6B-3B7A4AA94E29}.Debug|Any CPU.ActiveCfg = Debug|Any CPU
		{FCBCA5CD-7004-4BCB-BE6B-3B7A4AA94E29}.Debug|Any CPU.Build.0 = Debug|Any CPU
		{FCBCA5CD-7004-4BCB-BE6B-3B7A4AA94E29}.Release|Any CPU.ActiveCfg = Release|Any CPU
		{FCBCA5CD-7004-4BCB-BE6B-3B7A4AA94E29}.Release|Any CPU.Build.0 = Release|Any CPU
	EndGlobalSection
	GlobalSection(SolutionProperties) = preSolution
		HideSolutionNode = FALSE
	EndGlobalSection
	GlobalSection(ExtensibilityGlobals) = postSolution
		SolutionGuid = {D3FB44B0-FA15-47D1-8B43-C4765102C492}
	EndGlobalSection
EndGlobal
